
Microsoft Visual Studio Solution File, Format Version 12.00
# Visual Studio 15
VisualStudioVersion = 15.0.28307.572
MinimumVisualStudioVersion = 10.0.40219.1
Project("{FAE04EC0-301F-11D3-BF4B-00C04F79EFBC}") = "Visavi", "Visavi\Visavi.csproj", "{D1940145-0A56-49A1-AEFE-FB0A3FE10A4C}"
EndProject
Project("{FAE04EC0-301F-11D3-BF4B-00C04F79EFBC}") = "VisaviTest", "VisaviTest\VisaviTest.csproj", "{C1782E74-6A21-4DB3-8E88-833F10480642}"
	ProjectSection(ProjectDependencies) = postProject
		{D1940145-0A56-49A1-AEFE-FB0A3FE10A4C} = {D1940145-0A56-49A1-AEFE-FB0A3FE10A4C}
	EndProjectSection
EndProject
Global
	GlobalSection(SolutionConfigurationPlatforms) = preSolution
		Debug|Any CPU = Debug|Any CPU
		Release|Any CPU = Release|Any CPU
	EndGlobalSection
	GlobalSection(ProjectConfigurationPlatforms) = postSolution
		{D1940145-0A56-49A1-AEFE-FB0A3FE10A4C}.Debug|Any CPU.ActiveCfg = Debug|Any CPU
		{D1940145-0A56-49A1-AEFE-FB0A3FE10A4C}.Debug|Any CPU.Build.0 = Debug|Any CPU
		{D1940145-0A56-49A1-AEFE-FB0A3FE10A4C}.Release|Any CPU.ActiveCfg = Release|Any CPU
		{D1940145-0A56-49A1-AEFE-FB0A3FE10A4C}.Release|Any CPU.Build.0 = Release|Any CPU
		{C1782E74-6A21-4DB3-8E88-833F10480642}.Debug|Any CPU.ActiveCfg = Debug|Any CPU
		{C1782E74-6A21-4DB3-8E88-833F10480642}.Debug|Any CPU.Build.0 = Debug|Any CPU
		{C1782E74-6A21-4DB3-8E88-833F10480642}.Release|Any CPU.ActiveCfg = Release|Any CPU
		{C1782E74-6A21-4DB3-8E88-833F10480642}.Release|Any CPU.Build.0 = Release|Any CPU
	EndGlobalSection
	GlobalSection(SolutionProperties) = preSolution
		HideSolutionNode = FALSE
	EndGlobalSection
	GlobalSection(ExtensibilityGlobals) = postSolution
		SolutionGuid = {8F67CFFA-7366-4A15-B737-4AAFF0B91815}
	EndGlobalSection
EndGlobal
